
Microsoft Visual Studio Solution File, Format Version 12.00
# Visual Studio 15
VisualStudioVersion = 15.0.26430.16
MinimumVisualStudioVersion = 10.0.40219.1
Project("{8BC9CEB8-8B4A-11D0-8D11-00A0C91BC942}") = "PIC", "PIC\PIC.vcxproj", "{1755CED6-B666-429A-BB8C-60CA50D45359}"
EndProject
Project("{2150E333-8FDC-42A3-9474-1A3956D46DE8}") = "Solution Items", "Solution Items", "{CE41787F-0E5C-4A9A-B6AA-AF99D95A5C92}"
EndProject
Global
	GlobalSection(SolutionConfigurationPlatforms) = preSolution
		Debug|ARM = Debug|ARM
		Debug|x64 = Debug|x64
		Debug|x86 = Debug|x86
		Release|ARM = Release|ARM
		Release|x64 = Release|x64
		Release|x86 = Release|x86
	EndGlobalSection
	GlobalSection(ProjectConfigurationPlatforms) = postSolution
		{1755CED6-B666-429A-BB8C-60CA50D45359}.Debug|ARM.ActiveCfg = Debug|ARM
		{1755CED6-B666-429A-BB8C-60CA50D45359}.Debug|ARM.Build.0 = Debug|ARM
		{1755CED6-B666-429A-BB8C-60CA50D45359}.Debug|x64.ActiveCfg = Debug|x64
		{1755CED6-B666-429A-BB8C-60CA50D45359}.Debug|x64.Build.0 = Debug|x64
		{1755CED6-B666-429A-BB8C-60CA50D45359}.Debug|x86.ActiveCfg = Debug|x86
		{1755CED6-B666-429A-BB8C-60CA50D45359}.Debug|x86.Build.0 = Debug|x86
		{1755CED6-B666-429A-BB8C-60CA50D45359}.Release|ARM.ActiveCfg = Release|ARM
		{1755CED6-B666-429A-BB8C-60CA50D45359}.Release|ARM.Build.0 = Release|ARM
		{1755CED6-B666-429A-BB8C-60CA50D45359}.Release|x64.ActiveCfg = Release|x64
		{1755CED6-B666-429A-BB8C-60CA50D45359}.Release|x64.Build.0 = Release|x64
		{1755CED6-B666-429A-BB8C-60CA50D45359}.Release|x86.ActiveCfg = Release|x86
		{1755CED6-B666-429A-BB8C-60CA50D45359}.Release|x86.Build.0 = Release|x86
	EndGlobalSection
	GlobalSection(SolutionProperties) = preSolution
		HideSolutionNode = FALSE
	EndGlobalSection
EndGlobal
